// !$*UTF8*$!
{
	archiveVersion = 1;
	classes = {
	};
	objectVersion = 50;
	objects = {

/* Begin PBXBuildFile section */
		65F377E620B0C18B00796EDF /* AppDelegate.swift in Sources */ = {isa = PBXBuildFile; fileRef = 65F377E520B0C18B00796EDF /* AppDelegate.swift */; };
		65F377E820B0C18B00796EDF /* ViewController.swift in Sources */ = {isa = PBXBuildFile; fileRef = 65F377E720B0C18B00796EDF /* ViewController.swift */; };
		65F377EB20B0C18B00796EDF /* Main.storyboard in Resources */ = {isa = PBXBuildFile; fileRef = 65F377E920B0C18B00796EDF /* Main.storyboard */; };
		65F377ED20B0C18E00796EDF /* Assets.xcassets in Resources */ = {isa = PBXBuildFile; fileRef = 65F377EC20B0C18E00796EDF /* Assets.xcassets */; };
		65F377F020B0C18E00796EDF /* LaunchScreen.storyboard in Resources */ = {isa = PBXBuildFile; fileRef = 65F377EE20B0C18E00796EDF /* LaunchScreen.storyboard */; };
		65F377FB20B0C18E00796EDF /* EMwindowTests.swift in Sources */ = {isa = PBXBuildFile; fileRef = 65F377FA20B0C18E00796EDF /* EMwindowTests.swift */; };
/* End PBXBuildFile section */

/* Begin PBXContainerItemProxy section */
		65F377F720B0C18E00796EDF /* PBXContainerItemProxy */ = {
			isa = PBXContainerItemProxy;
			containerPortal = 65F377DA20B0C18B00796EDF /* Project object */;
			proxyType = 1;
			remoteGlobalIDString = 65F377E120B0C18B00796EDF;
			remoteInfo = EMwindow;
		};
/* End PBXContainerItemProxy section */

/* Begin PBXFileReference section */
		65F377E220B0C18B00796EDF /* EMwindow.app */ = {isa = PBXFileReference; explicitFileType = wrapper.application; includeInIndex = 0; path = EMwindow.app; sourceTree = BUILT_PRODUCTS_DIR; };
		65F377E520B0C18B00796EDF /* AppDelegate.swift */ = {isa = PBXFileReference; lastKnownFileType = sourcecode.swift; path = AppDelegate.swift; sourceTree = "<group>"; };
		65F377E720B0C18B00796EDF /* ViewController.swift */ = {isa = PBXFileReference; lastKnownFileType = sourcecode.swift; path = ViewController.swift; sourceTree = "<group>"; };
		65F377EA20B0C18B00796EDF /* Base */ = {isa = PBXFileReference; lastKnownFileType = file.storyboard; name = Base; path = Base.lproj/Main.storyboard; sourceTree = "<group>"; };
		65F377EC20B0C18E00796EDF /* Assets.xcassets */ = {isa = PBXFileReference; lastKnownFileType = folder.assetcatalog; path = Assets.xcassets; sourceTree = "<group>"; };
		65F377EF20B0C18E00796EDF /* Base */ = {isa = PBXFileReference; lastKnownFileType = file.storyboard; name = Base; path = Base.lproj/LaunchScreen.storyboard; sourceTree = "<group>"; };
		65F377F120B0C18E00796EDF /* Info.plist */ = {isa = PBXFileReference; lastKnownFileType = text.plist.xml; path = Info.plist; sourceTree = "<group>"; };
		65F377F620B0C18E00796EDF /* EMwindowTests.xctest */ = {isa = PBXFileReference; explicitFileType = wrapper.cfbundle; includeInIndex = 0; path = EMwindowTests.xctest; sourceTree = BUILT_PRODUCTS_DIR; };
		65F377FA20B0C18E00796EDF /* EMwindowTests.swift */ = {isa = PBXFileReference; lastKnownFileType = sourcecode.swift; path = EMwindowTests.swift; sourceTree = "<group>"; };
		65F377FC20B0C18E00796EDF /* Info.plist */ = {isa = PBXFileReference; lastKnownFileType = text.plist.xml; path = Info.plist; sourceTree = "<group>"; };
/* End PBXFileReference section */

/* Begin PBXFrameworksBuildPhase section */
		65F377DF20B0C18B00796EDF /* Frameworks */ = {
			isa = PBXFrameworksBuildPhase;
			buildActionMask = 2147483647;
			files = (
			);
			runOnlyForDeploymentPostprocessing = 0;
		};
		65F377F320B0C18E00796EDF /* Frameworks */ = {
			isa = PBXFrameworksBuildPhase;
			buildActionMask = 2147483647;
			files = (
			);
			runOnlyForDeploymentPostprocessing = 0;
		};
/* End PBXFrameworksBuildPhase section */

/* Begin PBXGroup section */
		65F377D920B0C18B00796EDF = {
			isa = PBXGroup;
			children = (
				65F377E420B0C18B00796EDF /* EMwindow */,
				65F377F920B0C18E00796EDF /* EMwindowTests */,
				65F377E320B0C18B00796EDF /* Products */,
			);
			sourceTree = "<group>";
		};
		65F377E320B0C18B00796EDF /* Products */ = {
			isa = PBXGroup;
			children = (
				65F377E220B0C18B00796EDF /* EMwindow.app */,
				65F377F620B0C18E00796EDF /* EMwindowTests.xctest */,
			);
			name = Products;
			sourceTree = "<group>";
		};
		65F377E420B0C18B00796EDF /* EMwindow */ = {
			isa = PBXGroup;
			children = (
				65F377E520B0C18B00796EDF /* AppDelegate.swift */,
				65F377E720B0C18B00796EDF /* ViewController.swift */,
				65F377E920B0C18B00796EDF /* Main.storyboard */,
				65F377EC20B0C18E00796EDF /* Assets.xcassets */,
				65F377EE20B0C18E00796EDF /* LaunchScreen.storyboard */,
				65F377F120B0C18E00796EDF /* Info.plist */,
			);
			path = EMwindow;
			sourceTree = "<group>";
		};
		65F377F920B0C18E00796EDF /* EMwindowTests */ = {
			isa = PBXGroup;
			children = (
				65F377FA20B0C18E00796EDF /* EMwindowTests.swift */,
				65F377FC20B0C18E00796EDF /* Info.plist */,
			);
			path = EMwindowTests;
			sourceTree = "<group>";
		};
/* End PBXGroup section */

/* Begin PBXNativeTarget section */
		65F377E120B0C18B00796EDF /* EMwindow */ = {
			isa = PBXNativeTarget;
			buildConfigurationList = 65F377FF20B0C18E00796EDF /* Build configuration list for PBXNativeTarget "EMwindow" */;
			buildPhases = (
				65F377DE20B0C18B00796EDF /* Sources */,
				65F377DF20B0C18B00796EDF /* Frameworks */,
				65F377E020B0C18B00796EDF /* Resources */,
			);
			buildRules = (
			);
			dependencies = (
			);
			name = EMwindow;
			productName = EMwindow;
			productReference = 65F377E220B0C18B00796EDF /* EMwindow.app */;
			productType = "com.apple.product-type.application";
		};
		65F377F520B0C18E00796EDF /* EMwindowTests */ = {
			isa = PBXNativeTarget;
			buildConfigurationList = 65F3780220B0C18E00796EDF /* Build configuration list for PBXNativeTarget "EMwindowTests" */;
			buildPhases = (
				65F377F220B0C18E00796EDF /* Sources */,
				65F377F320B0C18E00796EDF /* Frameworks */,
				65F377F420B0C18E00796EDF /* Resources */,
			);
			buildRules = (
			);
			dependencies = (
				65F377F820B0C18E00796EDF /* PBXTargetDependency */,
			);
			name = EMwindowTests;
			productName = EMwindowTests;
			productReference = 65F377F620B0C18E00796EDF /* EMwindowTests.xctest */;
			productType = "com.apple.product-type.bundle.unit-test";
		};
/* End PBXNativeTarget section */

/* Begin PBXProject section */
		65F377DA20B0C18B00796EDF /* Project object */ = {
			isa = PBXProject;
			attributes = {
				LastSwiftUpdateCheck = 0930;
				LastUpgradeCheck = 0930;
				ORGANIZATIONNAME = CareTrails;
				TargetAttributes = {
					65F377E120B0C18B00796EDF = {
						CreatedOnToolsVersion = 9.3.1;
					};
					65F377F520B0C18E00796EDF = {
						CreatedOnToolsVersion = 9.3.1;
						TestTargetID = 65F377E120B0C18B00796EDF;
					};
				};
			};
			buildConfigurationList = 65F377DD20B0C18B00796EDF /* Build configuration list for PBXProject "EMwindow" */;
			compatibilityVersion = "Xcode 9.3";
			developmentRegion = en;
			hasScannedForEncodings = 0;
			knownRegions = (
				en,
				Base,
			);
			mainGroup = 65F377D920B0C18B00796EDF;
			productRefGroup = 65F377E320B0C18B00796EDF /* Products */;
			projectDirPath = "";
			projectRoot = "";
			targets = (
				65F377E120B0C18B00796EDF /* EMwindow */,
				65F377F520B0C18E00796EDF /* EMwindowTests */,
			);
		};
/* End PBXProject section */

/* Begin PBXResourcesBuildPhase section */
		65F377E020B0C18B00796EDF /* Resources */ = {
			isa = PBXResourcesBuildPhase;
			buildActionMask = 2147483647;
			files = (
				65F377F020B0C18E00796EDF /* LaunchScreen.storyboard in Resources */,
				65F377ED20B0C18E00796EDF /* Assets.xcassets in Resources */,
				65F377EB20B0C18B00796EDF /* Main.storyboard in Resources */,
			);
			runOnlyForDeploymentPostprocessing = 0;
		};
		65F377F420B0C18E00796EDF /* Resources */ = {
			isa = PBXResourcesBuildPhase;
			buildActionMask = 2147483647;
			files = (
			);
			runOnlyForDeploymentPostprocessing = 0;
		};
/* End PBXResourcesBuildPhase section */

/* Begin PBXSourcesBuildPhase section */
		65F377DE20B0C18B00796EDF /* Sources */ = {
			isa = PBXSourcesBuildPhase;
			buildActionMask = 2147483647;
			files = (
				65F377E820B0C18B00796EDF /* ViewController.swift in Sources */,
				65F377E620B0C18B00796EDF /* AppDelegate.swift in Sources */,
			);
			runOnlyForDeploymentPostprocessing = 0;
		};
		65F377F220B0C18E00796EDF /* Sources */ = {
			isa = PBXSourcesBuildPhase;
			buildActionMask = 2147483647;
			files = (
				65F377FB20B0C18E00796EDF /* EMwindowTests.swift in Sources */,
			);
			runOnlyForDeploymentPostprocessing = 0;
		};
/* End PBXSourcesBuildPhase section */

/* Begin PBXTargetDependency section */
		65F377F820B0C18E00796EDF /* PBXTargetDependency */ = {
			isa = PBXTargetDependency;
			target = 65F377E120B0C18B00796EDF /* EMwindow */;
			targetProxy = 65F377F720B0C18E00796EDF /* PBXContainerItemProxy */;
		};
/* End PBXTargetDependency section */

/* Begin PBXVariantGroup section */
		65F377E920B0C18B00796EDF /* Main.storyboard */ = {
			isa = PBXVariantGroup;
			children = (
				65F377EA20B0C18B00796EDF /* Base */,
			);
			name = Main.storyboard;
			sourceTree = "<group>";
		};
		65F377EE20B0C18E00796EDF /* LaunchScreen.storyboard */ = {
			isa = PBXVariantGroup;
			children = (
				65F377EF20B0C18E00796EDF /* Base */,
			);
			name = LaunchScreen.storyboard;
			sourceTree = "<group>";
		};
/* End PBXVariantGroup section */

/* Begin XCBuildConfiguration section */
		65F377FD20B0C18E00796EDF /* Debug */ = {
			isa = XCBuildConfiguration;
			buildSettings = {
				ALWAYS_SEARCH_USER_PATHS = NO;
				CLANG_ANALYZER_NONNULL = YES;
				CLANG_ANALYZER_NUMBER_OBJECT_CONVERSION = YES_AGGRESSIVE;
				CLANG_CXX_LANGUAGE_STANDARD = "gnu++14";
				CLANG_CXX_LIBRARY = "libc++";
				CLANG_ENABLE_MODULES = YES;
				CLANG_ENABLE_OBJC_ARC = YES;
				CLANG_ENABLE_OBJC_WEAK = YES;
				CLANG_WARN_BLOCK_CAPTURE_AUTORELEASING = YES;
				CLANG_WARN_BOOL_CONVERSION = YES;
				CLANG_WARN_COMMA = YES;
				CLANG_WARN_CONSTANT_CONVERSION = YES;
				CLANG_WARN_DEPRECATED_OBJC_IMPLEMENTATIONS = YES;
				CLANG_WARN_DIRECT_OBJC_ISA_USAGE = YES_ERROR;
				CLANG_WARN_DOCUMENTATION_COMMENTS = YES;
				CLANG_WARN_EMPTY_BODY = YES;
				CLANG_WARN_ENUM_CONVERSION = YES;
				CLANG_WARN_INFINITE_RECURSION = YES;
				CLANG_WARN_INT_CONVERSION = YES;
				CLANG_WARN_NON_LITERAL_NULL_CONVERSION = YES;
				CLANG_WARN_OBJC_IMPLICIT_RETAIN_SELF = YES;
				CLANG_WARN_OBJC_LITERAL_CONVERSION = YES;
				CLANG_WARN_OBJC_ROOT_CLASS = YES_ERROR;
				CLANG_WARN_RANGE_LOOP_ANALYSIS = YES;
				CLANG_WARN_STRICT_PROTOTYPES = YES;
				CLANG_WARN_SUSPICIOUS_MOVE = YES;
				CLANG_WARN_UNGUARDED_AVAILABILITY = YES_AGGRESSIVE;
				CLANG_WARN_UNREACHABLE_CODE = YES;
				CLANG_WARN__DUPLICATE_METHOD_MATCH = YES;
				CODE_SIGN_IDENTITY = "iPhone Developer";
				COPY_PHASE_STRIP = NO;
				DEBUG_INFORMATION_FORMAT = dwarf;
				ENABLE_STRICT_OBJC_MSGSEND = YES;
				ENABLE_TESTABILITY = YES;
				GCC_C_LANGUAGE_STANDARD = gnu11;
				GCC_DYNAMIC_NO_PIC = NO;
				GCC_NO_COMMON_BLOCKS = YES;
				GCC_OPTIMIZATION_LEVEL = 0;
				GCC_PREPROCESSOR_DEFINITIONS = (
					"DEBUG=1",
					"$(inherited)",
				);
				GCC_WARN_64_TO_32_BIT_CONVERSION = YES;
				GCC_WARN_ABOUT_RETURN_TYPE = YES_ERROR;
				GCC_WARN_UNDECLARED_SELECTOR = YES;
				GCC_WARN_UNINITIALIZED_AUTOS = YES_AGGRESSIVE;
				GCC_WARN_UNUSED_FUNCTION = YES;
				GCC_WARN_UNUSED_VARIABLE = YES;
				IPHONEOS_DEPLOYMENT_TARGET = 11.3;
				MTL_ENABLE_DEBUG_INFO = YES;
				ONLY_ACTIVE_ARCH = YES;
				SDKROOT = iphoneos;
				SWIFT_ACTIVE_COMPILATION_CONDITIONS = DEBUG;
				SWIFT_OPTIMIZATION_LEVEL = "-Onone";
			};
			name = Debug;
		};
		65F377FE20B0C18E00796EDF /* Release */ = {
			isa = XCBuildConfiguration;
			buildSettings = {
				ALWAYS_SEARCH_USER_PATHS = NO;
				CLANG_ANALYZER_NONNULL = YES;
				CLANG_ANALYZER_NUMBER_OBJECT_CONVERSION = YES_AGGRESSIVE;
				CLANG_CXX_LANGUAGE_STANDARD = "gnu++14";
				CLANG_CXX_LIBRARY = "libc++";
				CLANG_ENABLE_MODULES = YES;
				CLANG_ENABLE_OBJC_ARC = YES;
				CLANG_ENABLE_OBJC_WEAK = YES;
				CLANG_WARN_BLOCK_CAPTURE_AUTORELEASING = YES;
				CLANG_WARN_BOOL_CONVERSION = YES;
				CLANG_WARN_COMMA = YES;
				CLANG_WARN_CONSTANT_CONVERSION = YES;
				CLANG_WARN_DEPRECATED_OBJC_IMPLEMENTATIONS = YES;
				CLANG_WARN_DIRECT_OBJC_ISA_USAGE = YES_ERROR;
				CLANG_WARN_DOCUMENTATION_COMMENTS = YES;
				CLANG_WARN_EMPTY_BODY = YES;
				CLANG_WARN_ENUM_CONVERSION = YES;
				CLANG_WARN_INFINITE_RECURSION = YES;
				CLANG_WARN_INT_CONVERSION = YES;
				CLANG_WARN_NON_LITERAL_NULL_CONVERSION = YES;
				CLANG_WARN_OBJC_IMPLICIT_RETAIN_SELF = YES;
				CLANG_WARN_OBJC_LITERAL_CONVERSION = YES;
				CLANG_WARN_OBJC_ROOT_CLASS = YES_ERROR;
				CLANG_WARN_RANGE_LOOP_ANALYSIS = YES;
				CLANG_WARN_STRICT_PROTOTYPES = YES;
				CLANG_WARN_SUSPICIOUS_MOVE = YES;
				CLANG_WARN_UNGUARDED_AVAILABILITY = YES_AGGRESSIVE;
				CLANG_WARN_UNREACHABLE_CODE = YES;
				CLANG_WARN__DUPLICATE_METHOD_MATCH = YES;
				CODE_SIGN_IDENTITY = "iPhone Developer";
				COPY_PHASE_STRIP = NO;
				DEBUG_INFORMATION_FORMAT = "dwarf-with-dsym";
				ENABLE_NS_ASSERTIONS = NO;
				ENABLE_STRICT_OBJC_MSGSEND = YES;
				GCC_C_LANGUAGE_STANDARD = gnu11;
				GCC_NO_COMMON_BLOCKS = YES;
				GCC_WARN_64_TO_32_BIT_CONVERSION = YES;
				GCC_WARN_ABOUT_RETURN_TYPE = YES_ERROR;
				GCC_WARN_UNDECLARED_SELECTOR = YES;
				GCC_WARN_UNINITIALIZED_AUTOS = YES_AGGRESSIVE;
				GCC_WARN_UNUSED_FUNCTION = YES;
				GCC_WARN_UNUSED_VARIABLE = YES;
				IPHONEOS_DEPLOYMENT_TARGET = 11.3;
				MTL_ENABLE_DEBUG_INFO = NO;
				SDKROOT = iphoneos;
				SWIFT_COMPILATION_MODE = wholemodule;
				SWIFT_OPTIMIZATION_LEVEL = "-O";
				VALIDATE_PRODUCT = YES;
			};
			name = Release;
		};
		65F3780020B0C18E00796EDF /* Debug */ = {
			isa = XCBuildConfiguration;
			buildSettings = {
				ASSETCATALOG_COMPILER_APPICON_NAME = AppIcon;
				CODE_SIGN_STYLE = Automatic;
				INFOPLIST_FILE = EMwindow/Info.plist;
				LD_RUNPATH_SEARCH_PATHS = (
					"$(inherited)",
					"@executable_path/Frameworks",
				);
				PRODUCT_BUNDLE_IDENTIFIER = caretrails.EMwindow;
				PRODUCT_NAME = "$(TARGET_NAME)";
				SWIFT_VERSION = 4.0;
				TARGETED_DEVICE_FAMILY = "1,2";
			};
			name = Debug;
		};
		65F3780120B0C18E00796EDF /* Release */ = {
			isa = XCBuildConfiguration;
			buildSettings = {
				ASSETCATALOG_COMPILER_APPICON_NAME = AppIcon;
				CODE_SIGN_STYLE = Automatic;
				INFOPLIST_FILE = EMwindow/Info.plist;
				LD_RUNPATH_SEARCH_PATHS = (
					"$(inherited)",
					"@executable_path/Frameworks",
				);
				PRODUCT_BUNDLE_IDENTIFIER = caretrails.EMwindow;
				PRODUCT_NAME = "$(TARGET_NAME)";
				SWIFT_VERSION = 4.0;
				TARGETED_DEVICE_FAMILY = "1,2";
			};
			name = Release;
		};
		65F3780320B0C18E00796EDF /* Debug */ = {
			isa = XCBuildConfiguration;
			buildSettings = {
				ALWAYS_EMBED_SWIFT_STANDARD_LIBRARIES = YES;
				BUNDLE_LOADER = "$(TEST_HOST)";
				CODE_SIGN_STYLE = Automatic;
				INFOPLIST_FILE = EMwindowTests/Info.plist;
				LD_RUNPATH_SEARCH_PATHS = (
					"$(inherited)",
					"@executable_path/Frameworks",
					"@loader_path/Frameworks",
				);
				PRODUCT_BUNDLE_IDENTIFIER = caretrails.EMwindowTests;
				PRODUCT_NAME = "$(TARGET_NAME)";
				SWIFT_VERSION = 4.0;
				TARGETED_DEVICE_FAMILY = "1,2";
				TEST_HOST = "$(BUILT_PRODUCTS_DIR)/EMwindow.app/EMwindow";
			};
			name = Debug;
		};
		65F3780420B0C18E00796EDF /* Release */ = {
			isa = XCBuildConfiguration;
			buildSettings = {
				ALWAYS_EMBED_SWIFT_STANDARD_LIBRARIES = YES;
				BUNDLE_LOADER = "$(TEST_HOST)";
				CODE_SIGN_STYLE = Automatic;
				INFOPLIST_FILE = EMwindowTests/Info.plist;
				LD_RUNPATH_SEARCH_PATHS = (
					"$(inherited)",
					"@executable_path/Frameworks",
					"@loader_path/Frameworks",
				);
				PRODUCT_BUNDLE_IDENTIFIER = caretrails.EMwindowTests;
				PRODUCT_NAME = "$(TARGET_NAME)";
				SWIFT_VERSION = 4.0;
				TARGETED_DEVICE_FAMILY = "1,2";
				TEST_HOST = "$(BUILT_PRODUCTS_DIR)/EMwindow.app/EMwindow";
			};
			name = Release;
		};
/* End XCBuildConfiguration section */

/* Begin XCConfigurationList section */
		65F377DD20B0C18B00796EDF /* Build configuration list for PBXProject "EMwindow" */ = {
			isa = XCConfigurationList;
			buildConfigurations = (
				65F377FD20B0C18E00796EDF /* Debug */,
				65F377FE20B0C18E00796EDF /* Release */,
			);
			defaultConfigurationIsVisible = 0;
			defaultConfigurationName = Release;
		};
		65F377FF20B0C18E00796EDF /* Build configuration list for PBXNativeTarget "EMwindow" */ = {
			isa = XCConfigurationList;
			buildConfigurations = (
				65F3780020B0C18E00796EDF /* Debug */,
				65F3780120B0C18E00796EDF /* Release */,
			);
			defaultConfigurationIsVisible = 0;
			defaultConfigurationName = Release;
		};
		65F3780220B0C18E00796EDF /* Build configuration list for PBXNativeTarget "EMwindowTests" */ = {
			isa = XCConfigurationList;
			buildConfigurations = (
				65F3780320B0C18E00796EDF /* Debug */,
				65F3780420B0C18E00796EDF /* Release */,
			);
			defaultConfigurationIsVisible = 0;
			defaultConfigurationName = Release;
		};
/* End XCConfigurationList section */
	};
	rootObject = 65F377DA20B0C18B00796EDF /* Project object */;
}
